{
    "_readme": [
        "This file locks the dependencies of your project to a known state",
        "Read more about it at https://getcomposer.org/doc/01-basic-usage.md#installing-dependencies",
        "This file is @generated automatically"
    ],
    "content-hash": "476094025db24696d8dd031e0b270651",
    "packages": [
        {
            "name": "krubio/perfect-app-framework",
            "version": "3.0",
            "source": {
                "type": "git",
                "url": "https://github.com/benanamen/perfect-app-framework.git",
                "reference": "origin/master"
            },
            "type": "library"
        }
    ],
    "packages-dev": [],
    "aliases": [],
    "minimum-stability": "stable",
    "stability-flags": [],
    "prefer-stable": false,
    "prefer-lowest": false,
    "platform": {
        "php": ">=7.4",
        "ext-pdo": "*",
        "ext-ctype": "*",
        "ext-openssl": "*",
        "ext-json": "*"
    },
    "platform-dev": [],
    "plugin-api-version": "2.1.0"
}
